Microsoft Visual Studio Solution File, Format Version 11.00
# Visual Studio 2008

Project("{B26A1E55-79EC-0D0A-6C87-D69FDE7A7BDE}") = "War Plan", "Assembly-CSharp.csproj", "{82CF7F71-7B48-7571-1011-DB7607ACD437}"
EndProject
Project("{B26A1E55-79EC-0D0A-6C87-D69FDE7A7BDE}") = "War Plan", "Assembly-UnityScript-firstpass.unityproj", "{7C5379E8-CFB6-7F8D-C351-A1ACC9B36C9D}"
EndProject
Global
	GlobalSection(SolutionConfigurationPlatforms) = preSolution
		Debug|Any CPU = Debug|Any CPU
		Release|Any CPU = Release|Any CPU
	EndGlobalSection
	GlobalSection(ProjectConfigurationPlatforms) = postSolution
		{82CF7F71-7B48-7571-1011-DB7607ACD437}.Debug|Any CPU.ActiveCfg = Debug|Any CPU
		{82CF7F71-7B48-7571-1011-DB7607ACD437}.Debug|Any CPU.Build.0 = Debug|Any CPU
		{82CF7F71-7B48-7571-1011-DB7607ACD437}.Release|Any CPU.ActiveCfg = Release|Any CPU
		{82CF7F71-7B48-7571-1011-DB7607ACD437}.Release|Any CPU.Build.0 = Release|Any CPU
		{7C5379E8-CFB6-7F8D-C351-A1ACC9B36C9D}.Debug|Any CPU.ActiveCfg = Debug|Any CPU
		{7C5379E8-CFB6-7F8D-C351-A1ACC9B36C9D}.Debug|Any CPU.Build.0 = Debug|Any CPU
		{7C5379E8-CFB6-7F8D-C351-A1ACC9B36C9D}.Release|Any CPU.ActiveCfg = Release|Any CPU
		{7C5379E8-CFB6-7F8D-C351-A1ACC9B36C9D}.Release|Any CPU.Build.0 = Release|Any CPU
	EndGlobalSection
	GlobalSection(SolutionProperties) = preSolution
		HideSolutionNode = FALSE
	EndGlobalSection
																									GlobalSection(MonoDevelopProperties) = preSolution
		StartupItem = Assembly-CSharp.csproj
		Policies = $0
		$0.TextStylePolicy = $1
		$1.inheritsSet = null
		$1.scope = text/x-csharp
		$0.CSharpFormattingPolicy = $2
		$2.inheritsSet = Mono
		$2.inheritsScope = text/x-csharp
		$2.scope = text/x-csharp
		$0.TextStylePolicy = $3
		$3.FileWidth = 120
		$3.TabWidth = 4
		$3.EolMarker = Unix
		$3.inheritsSet = Mono
		$3.inheritsScope = text/plain
		$3.scope = text/plain
	EndGlobalSection

EndGlobal
